
Microsoft Visual Studio Solution File, Format Version 12.00
Project("{FAE04EC0-301F-11D3-BF4B-00C04F79EFBC}") = "Application", "Application/Application.csproj", "{6F14D49D-62AD-4C02-B5AE-1DC6CD1DDB72}"
EndProject
Project("{2150E333-8FDC-42A3-9474-1A3956D46DE8}") = "Solution Items", "Solution Items", "{60CDF407-77C4-4AFF-AF5E-C5DDE5482A6E}"
	ProjectSection(SolutionItems) = preProject
		.gitignore = .gitignore
		docker-compose.yml = docker-compose.yml
		Dockerfile = Dockerfile
		README.MD = README.MD
		index.html = index.html
	EndProjectSection
EndProject
Project("{FAE04EC0-301F-11D3-BF4B-00C04F79EFBC}") = "Application.Tests", "Application.Tests\Application.Tests.csproj", "{A9B9DB95-AC74-42B1-BCD3-B9EDF8AF037C}"
EndProject
Global
	GlobalSection(SolutionConfigurationPlatforms) = preSolution
		Debug|Any CPU = Debug|Any CPU
		Release|Any CPU = Release|Any CPU
	EndGlobalSection
	GlobalSection(ProjectConfigurationPlatforms) = postSolution
		{6F14D49D-62AD-4C02-B5AE-1DC6CD1DDB72}.Debug|Any CPU.ActiveCfg = Debug|Any CPU
		{6F14D49D-62AD-4C02-B5AE-1DC6CD1DDB72}.Debug|Any CPU.Build.0 = Debug|Any CPU
		{6F14D49D-62AD-4C02-B5AE-1DC6CD1DDB72}.Release|Any CPU.ActiveCfg = Release|Any CPU
		{6F14D49D-62AD-4C02-B5AE-1DC6CD1DDB72}.Release|Any CPU.Build.0 = Release|Any CPU
		{A9B9DB95-AC74-42B1-BCD3-B9EDF8AF037C}.Debug|Any CPU.ActiveCfg = Debug|Any CPU
		{A9B9DB95-AC74-42B1-BCD3-B9EDF8AF037C}.Debug|Any CPU.Build.0 = Debug|Any CPU
		{A9B9DB95-AC74-42B1-BCD3-B9EDF8AF037C}.Release|Any CPU.ActiveCfg = Release|Any CPU
		{A9B9DB95-AC74-42B1-BCD3-B9EDF8AF037C}.Release|Any CPU.Build.0 = Release|Any CPU
	EndGlobalSection
EndGlobal
